
Microsoft Visual Studio Solution File, Format Version 12.00
# Visual Studio Version 16
VisualStudioVersion = 16.0.31613.86
MinimumVisualStudioVersion = 10.0.40219.1
Project("{9A19103F-16F7-4668-BE54-9A1E7A4F7556}") = "PlatformService", "PlatformService\PlatformService.csproj", "{B2382A78-FD1E-4331-86B5-918038A809C2}"
EndProject
Project("{2150E333-8FDC-42A3-9474-1A3956D46DE8}") = "K8S", "K8S", "{505DCE91-2FFD-41A6-9186-5C2E8D11A8CF}"
	ProjectSection(SolutionItems) = preProject
		platforms-depl.yaml = platforms-depl.yaml
		platforms-np-srv.yaml = platforms-np-srv.yaml
	EndProjectSection
EndProject
Project("{FAE04EC0-301F-11D3-BF4B-00C04F79EFBC}") = "CommandsService", "CommandsService\CommandsService.csproj", "{B86BC46A-5483-4A4E-90E8-8567ACF7609A}"
EndProject
Global
	GlobalSection(SolutionConfigurationPlatforms) = preSolution
		Debug|Any CPU = Debug|Any CPU
		Release|Any CPU = Release|Any CPU
	EndGlobalSection
	GlobalSection(ProjectConfigurationPlatforms) = postSolution
		{B2382A78-FD1E-4331-86B5-918038A809C2}.Debug|Any CPU.ActiveCfg = Debug|Any CPU
		{B2382A78-FD1E-4331-86B5-918038A809C2}.Debug|Any CPU.Build.0 = Debug|Any CPU
		{B2382A78-FD1E-4331-86B5-918038A809C2}.Release|Any CPU.ActiveCfg = Release|Any CPU
		{B2382A78-FD1E-4331-86B5-918038A809C2}.Release|Any CPU.Build.0 = Release|Any CPU
		{B86BC46A-5483-4A4E-90E8-8567ACF7609A}.Debug|Any CPU.ActiveCfg = Debug|Any CPU
		{B86BC46A-5483-4A4E-90E8-8567ACF7609A}.Debug|Any CPU.Build.0 = Debug|Any CPU
		{B86BC46A-5483-4A4E-90E8-8567ACF7609A}.Release|Any CPU.ActiveCfg = Release|Any CPU
		{B86BC46A-5483-4A4E-90E8-8567ACF7609A}.Release|Any CPU.Build.0 = Release|Any CPU
	EndGlobalSection
	GlobalSection(SolutionProperties) = preSolution
		HideSolutionNode = FALSE
	EndGlobalSection
	GlobalSection(ExtensibilityGlobals) = postSolution
		SolutionGuid = {0AF1BCBD-F379-49E8-AD52-69D83901216F}
	EndGlobalSection
EndGlobal
